
Microsoft Visual Studio Solution File, Format Version 12.00
# Visual Studio Version 17
VisualStudioVersion = 17.11.35327.3
MinimumVisualStudioVersion = 10.0.40219.1
Project("{9A19103F-16F7-4668-BE54-9A1E7A4F7556}") = "blog.WebApi", "blog.WebApi\blog.WebApi.csproj", "{6C2D818A-EEAE-4FF4-BD80-A3AE0F69D5F0}"
EndProject
Project("{9A19103F-16F7-4668-BE54-9A1E7A4F7556}") = "blog.Core", "blog.Core\blog.Core.csproj", "{55F82551-5B9A-403D-A1ED-105F6D697BDD}"
EndProject
Project("{9A19103F-16F7-4668-BE54-9A1E7A4F7556}") = "blog.Infrastructure", "blog.Infrastructure\blog.Infrastructure.csproj", "{30003D8E-D11E-4C55-9139-4348BEA4078C}"
EndProject
Global
	GlobalSection(SolutionConfigurationPlatforms) = preSolution
		Debug|Any CPU = Debug|Any CPU
		Release|Any CPU = Release|Any CPU
	EndGlobalSection
	GlobalSection(ProjectConfigurationPlatforms) = postSolution
		{6C2D818A-EEAE-4FF4-BD80-A3AE0F69D5F0}.Debug|Any CPU.ActiveCfg = Debug|Any CPU
		{6C2D818A-EEAE-4FF4-BD80-A3AE0F69D5F0}.Debug|Any CPU.Build.0 = Debug|Any CPU
		{6C2D818A-EEAE-4FF4-BD80-A3AE0F69D5F0}.Release|Any CPU.ActiveCfg = Release|Any CPU
		{6C2D818A-EEAE-4FF4-BD80-A3AE0F69D5F0}.Release|Any CPU.Build.0 = Release|Any CPU
		{55F82551-5B9A-403D-A1ED-105F6D697BDD}.Debug|Any CPU.ActiveCfg = Debug|Any CPU
		{55F82551-5B9A-403D-A1ED-105F6D697BDD}.Debug|Any CPU.Build.0 = Debug|Any CPU
		{55F82551-5B9A-403D-A1ED-105F6D697BDD}.Release|Any CPU.ActiveCfg = Release|Any CPU
		{55F82551-5B9A-403D-A1ED-105F6D697BDD}.Release|Any CPU.Build.0 = Release|Any CPU
		{30003D8E-D11E-4C55-9139-4348BEA4078C}.Debug|Any CPU.ActiveCfg = Debug|Any CPU
		{30003D8E-D11E-4C55-9139-4348BEA4078C}.Debug|Any CPU.Build.0 = Debug|Any CPU
		{30003D8E-D11E-4C55-9139-4348BEA4078C}.Release|Any CPU.ActiveCfg = Release|Any CPU
		{30003D8E-D11E-4C55-9139-4348BEA4078C}.Release|Any CPU.Build.0 = Release|Any CPU
	EndGlobalSection
	GlobalSection(SolutionProperties) = preSolution
		HideSolutionNode = FALSE
	EndGlobalSection
	GlobalSection(ExtensibilityGlobals) = postSolution
		SolutionGuid = {23A79C96-6B56-40BB-AA4A-ACAA456C2B00}
	EndGlobalSection
EndGlobal
